
Microsoft Visual Studio Solution File, Format Version 12.00
# Visual Studio Version 16
VisualStudioVersion = 16.0.31205.134
MinimumVisualStudioVersion = 10.0.40219.1
Project("{9A19103F-16F7-4668-BE54-9A1E7A4F7556}") = "RubberduckWebsite", "RubberduckWebsite\RubberduckWebsite.csproj", "{B0FD182B-323A-493E-A5C7-BDBF37F994D1}"
EndProject
Project("{9A19103F-16F7-4668-BE54-9A1E7A4F7556}") = "Rubberduck.ContentServices", "Rubberduck.ContentServices\Rubberduck.ContentServices.csproj", "{765EC528-8AB1-424E-AE11-58AD3DDD84F1}"
EndProject
Project("{9A19103F-16F7-4668-BE54-9A1E7A4F7556}") = "Rubberduck.Model", "Rubberduck.Model\Rubberduck.Model.csproj", "{80529616-F005-4D66-A6F7-62206ADE9371}"
EndProject
Project("{9A19103F-16F7-4668-BE54-9A1E7A4F7556}") = "RubberduckServices", "RubberduckServices\RubberduckServices.csproj", "{BAB96AE2-9E8B-44D6-93E7-048315D320CE}"
EndProject
Project("{2150E333-8FDC-42A3-9474-1A3956D46DE8}") = "Solution Items", "Solution Items", "{8332C1D4-2AF6-48C8-B90C-037729C0726A}"
	ProjectSection(SolutionItems) = preProject
		.gitignore = .gitignore
		README.md = README.md
	EndProjectSection
EndProject
Project("{00D1A9C2-B5F0-4AF3-8072-F6C62B433612}") = "Rubberduck.Database", "Rubberduck.Database\Rubberduck.Database.sqlproj", "{C12A9EC7-FA6E-4C52-ACCF-C4FEFF377BF7}"
EndProject
Project("{9A19103F-16F7-4668-BE54-9A1E7A4F7556}") = "Rubberduck.API", "Rubberduck.API\Rubberduck.API.csproj", "{697B27B6-F5D6-41E8-B4A4-94BAA6822C03}"
EndProject
Project("{2150E333-8FDC-42A3-9474-1A3956D46DE8}") = ".github", ".github", "{C06DC292-CB82-439F-BA13-3060D015099D}"
EndProject
Project("{2150E333-8FDC-42A3-9474-1A3956D46DE8}") = "workflows", "workflows", "{4E04CF57-2F00-45BC-9171-345BBA6E514C}"
	ProjectSection(SolutionItems) = preProject
		.github\workflows\dotnet.yml = .github\workflows\dotnet.yml
		.github\workflows\msbuild.yml = .github\workflows\msbuild.yml
	EndProjectSection
EndProject
Global
	GlobalSection(SolutionConfigurationPlatforms) = preSolution
		Debug|Any CPU = Debug|Any CPU
		Release|Any CPU = Release|Any CPU
	EndGlobalSection
	GlobalSection(ProjectConfigurationPlatforms) = postSolution
		{B0FD182B-323A-493E-A5C7-BDBF37F994D1}.Debug|Any CPU.ActiveCfg = Debug|Any CPU
		{B0FD182B-323A-493E-A5C7-BDBF37F994D1}.Debug|Any CPU.Build.0 = Debug|Any CPU
		{B0FD182B-323A-493E-A5C7-BDBF37F994D1}.Release|Any CPU.ActiveCfg = Release|Any CPU
		{B0FD182B-323A-493E-A5C7-BDBF37F994D1}.Release|Any CPU.Build.0 = Release|Any CPU
		{765EC528-8AB1-424E-AE11-58AD3DDD84F1}.Debug|Any CPU.ActiveCfg = Debug|Any CPU
		{765EC528-8AB1-424E-AE11-58AD3DDD84F1}.Debug|Any CPU.Build.0 = Debug|Any CPU
		{765EC528-8AB1-424E-AE11-58AD3DDD84F1}.Release|Any CPU.ActiveCfg = Release|Any CPU
		{765EC528-8AB1-424E-AE11-58AD3DDD84F1}.Release|Any CPU.Build.0 = Release|Any CPU
		{80529616-F005-4D66-A6F7-62206ADE9371}.Debug|Any CPU.ActiveCfg = Debug|Any CPU
		{80529616-F005-4D66-A6F7-62206ADE9371}.Debug|Any CPU.Build.0 = Debug|Any CPU
		{80529616-F005-4D66-A6F7-62206ADE9371}.Release|Any CPU.ActiveCfg = Release|Any CPU
		{80529616-F005-4D66-A6F7-62206ADE9371}.Release|Any CPU.Build.0 = Release|Any CPU
		{BAB96AE2-9E8B-44D6-93E7-048315D320CE}.Debug|Any CPU.ActiveCfg = Debug|Any CPU
		{BAB96AE2-9E8B-44D6-93E7-048315D320CE}.Debug|Any CPU.Build.0 = Debug|Any CPU
		{BAB96AE2-9E8B-44D6-93E7-048315D320CE}.Release|Any CPU.ActiveCfg = Release|Any CPU
		{BAB96AE2-9E8B-44D6-93E7-048315D320CE}.Release|Any CPU.Build.0 = Release|Any CPU
		{C12A9EC7-FA6E-4C52-ACCF-C4FEFF377BF7}.Debug|Any CPU.ActiveCfg = Debug|Any CPU
		{C12A9EC7-FA6E-4C52-ACCF-C4FEFF377BF7}.Debug|Any CPU.Deploy.0 = Debug|Any CPU
		{C12A9EC7-FA6E-4C52-ACCF-C4FEFF377BF7}.Release|Any CPU.ActiveCfg = Release|Any CPU
		{C12A9EC7-FA6E-4C52-ACCF-C4FEFF377BF7}.Release|Any CPU.Build.0 = Release|Any CPU
		{C12A9EC7-FA6E-4C52-ACCF-C4FEFF377BF7}.Release|Any CPU.Deploy.0 = Release|Any CPU
		{697B27B6-F5D6-41E8-B4A4-94BAA6822C03}.Debug|Any CPU.ActiveCfg = Debug|Any CPU
		{697B27B6-F5D6-41E8-B4A4-94BAA6822C03}.Debug|Any CPU.Build.0 = Debug|Any CPU
		{697B27B6-F5D6-41E8-B4A4-94BAA6822C03}.Release|Any CPU.ActiveCfg = Release|Any CPU
		{697B27B6-F5D6-41E8-B4A4-94BAA6822C03}.Release|Any CPU.Build.0 = Release|Any CPU
	EndGlobalSection
	GlobalSection(SolutionProperties) = preSolution
		HideSolutionNode = FALSE
	EndGlobalSection
	GlobalSection(NestedProjects) = preSolution
		{C06DC292-CB82-439F-BA13-3060D015099D} = {8332C1D4-2AF6-48C8-B90C-037729C0726A}
		{4E04CF57-2F00-45BC-9171-345BBA6E514C} = {C06DC292-CB82-439F-BA13-3060D015099D}
	EndGlobalSection
	GlobalSection(ExtensibilityGlobals) = postSolution
		SolutionGuid = {BF89FDC3-660D-41B6-AE8F-C3D87F93A303}
	EndGlobalSection
EndGlobal
